{
  "projects": [
    {
      "projectId": "7nJ7UcFmq9UzB6eXfC5z4a",
      "version": "0.0.3",
      "dependencies": {},
      "lang": "ts",
      "fileLocks": [
        {
          "assetId": "7nJ7UcFmq9UzB6eXfC5z4a",
          "type": "projectCss",
          "checksum": "64c620350c9cd9f72dd5f82b2936978e"
        }
      ],
      "codegenVersion": "0.0.1"
    },
    {
      "projectId": "byaZbU2JReSS2QVAT9Mefp",
      "version": "latest",
      "dependencies": {
        "7nJ7UcFmq9UzB6eXfC5z4a": "0.0.3"
      },
      "lang": "ts",
      "fileLocks": [
        {
          "type": "globalVariant",
          "assetId": "4r8Ap7SEOX4SUS",
          "checksum": "df0fc5ccf58e32137e5a7b610c8b7d0a"
        },
        {
          "assetId": "byaZbU2JReSS2QVAT9Mefp",
          "type": "projectCss",
          "checksum": "aafdfcc221a62310575a77bbde1e6e54"
        },
        {
          "type": "renderModule",
          "assetId": "qnoUk2omqKMZXv",
          "checksum": "53912d10dff92cb0d74ee0b03d30c0ac"
        },
        {
          "type": "cssRules",
          "assetId": "qnoUk2omqKMZXv",
          "checksum": "53912d10dff92cb0d74ee0b03d30c0ac"
        },
        {
          "type": "renderModule",
          "assetId": "Fd6TvYNa3aEZKP",
          "checksum": "687e40f7a03233cfd0077e4d63239204"
        },
        {
          "type": "cssRules",
          "assetId": "Fd6TvYNa3aEZKP",
          "checksum": "687e40f7a03233cfd0077e4d63239204"
        },
        {
          "type": "renderModule",
          "assetId": "i-XVdJqV9_L6DA",
          "checksum": "9adad85f30bd965f1759e011c4d679c2"
        },
        {
          "type": "cssRules",
          "assetId": "i-XVdJqV9_L6DA",
          "checksum": "9adad85f30bd965f1759e011c4d679c2"
        },
        {
          "type": "renderModule",
          "assetId": "OFPu9JjiDm3ddD",
          "checksum": "3ca8279af0d9021fe0e17a00366086ba"
        },
        {
          "type": "cssRules",
          "assetId": "OFPu9JjiDm3ddD",
          "checksum": "3ca8279af0d9021fe0e17a00366086ba"
        },
        {
          "type": "renderModule",
          "assetId": "4CZCPzfeuo78az",
          "checksum": "c4a8f514b80bb77ebf034ace55bb0333"
        },
        {
          "type": "cssRules",
          "assetId": "4CZCPzfeuo78az",
          "checksum": "c4a8f514b80bb77ebf034ace55bb0333"
        },
        {
          "type": "renderModule",
          "assetId": "VIk4-pj4dsR5Y4",
          "checksum": "52bb7fc6e8ae372a61227df3045addc3"
        },
        {
          "type": "cssRules",
          "assetId": "VIk4-pj4dsR5Y4",
          "checksum": "52bb7fc6e8ae372a61227df3045addc3"
        },
        {
          "type": "renderModule",
          "assetId": "NyTe-UTct6pn0r",
          "checksum": "994f8b430cdfbccb9d1657ad758696ea"
        },
        {
          "type": "cssRules",
          "assetId": "NyTe-UTct6pn0r",
          "checksum": "994f8b430cdfbccb9d1657ad758696ea"
        },
        {
          "type": "renderModule",
          "assetId": "XRo4SIey9aNg5b",
          "checksum": "2a643133c38cd998ee51b791ca01bab1"
        },
        {
          "type": "cssRules",
          "assetId": "XRo4SIey9aNg5b",
          "checksum": "2a643133c38cd998ee51b791ca01bab1"
        },
        {
          "type": "renderModule",
          "assetId": "ICiiTTdIkpP",
          "checksum": "b8680be43236657de8d5e439a5755a61"
        },
        {
          "type": "cssRules",
          "assetId": "ICiiTTdIkpP",
          "checksum": "b8680be43236657de8d5e439a5755a61"
        },
        {
          "type": "icon",
          "assetId": "gA7JWe1ISk_V6j",
          "checksum": "45c8ec6ac5e330482e37cbb1fd23585e"
        },
        {
          "type": "icon",
          "assetId": "Y6X553CpcYJuRQ",
          "checksum": "07966f383eab2bda892d066d4c4c338c"
        },
        {
          "type": "icon",
          "assetId": "QjaK5yT7DZs34T",
          "checksum": "2c7758eb7bb7472a61f21a9594b7b333"
        },
        {
          "type": "icon",
          "assetId": "d0IP14gmaqf2s1",
          "checksum": "79559fc04c189d59b02ebaaef47f5c05"
        },
        {
          "type": "icon",
          "assetId": "rajOESHRqJYIZh",
          "checksum": "0502a86a1ac4438e2ea7e9490db56786"
        },
        {
          "type": "icon",
          "assetId": "1MSTsjUEaoQYHg",
          "checksum": "eaab46e17366372d090de0f723880473"
        },
        {
          "type": "icon",
          "assetId": "29hiysgH_-btXC",
          "checksum": "ef402c01975aa2f8dc0f1ecc7119205b"
        },
        {
          "type": "icon",
          "assetId": "w4fY5Thh6adn5M",
          "checksum": "3166a45454aeaccc22c26810a70e5924"
        },
        {
          "type": "icon",
          "assetId": "lUk1p_NozWBfKo",
          "checksum": "b5186dc76d1f63c7b31accf09db307e0"
        },
        {
          "type": "icon",
          "assetId": "mUMBcd_TUkHDDe",
          "checksum": "0d62517cb4d29c9c1f93ed3f258646b1"
        },
        {
          "type": "icon",
          "assetId": "d_ZlXXRwbCR",
          "checksum": "fa970d763ba18c29c5c85f80651843b4"
        },
        {
          "type": "icon",
          "assetId": "lxCdtcO8fDj",
          "checksum": "3938469e588cd881555531cf3f889406"
        },
        {
          "type": "icon",
          "assetId": "xE-mJX1812j",
          "checksum": "b25ea9e772557dc7aa65ccacc7359b43"
        },
        {
          "type": "icon",
          "assetId": "F6vcuMCwNPa",
          "checksum": "89de5f0ef5eee06aa1aab71afef930b2"
        },
        {
          "type": "image",
          "assetId": "ycTPolrwXw6jrl",
          "checksum": "038fee2066331fb7dacc654e7d2266ec"
        },
        {
          "type": "image",
          "assetId": "X2QW3Wp9vGlr6X",
          "checksum": "fddf92793a7c863178d2cd90cd2051ef"
        },
        {
          "type": "image",
          "assetId": "xUmJdPX4xLrTkY",
          "checksum": "8c7111e99e57c7e34ed119adebb80594"
        },
        {
          "type": "image",
          "assetId": "iRAA_xAgGNxoqT",
          "checksum": "c73162cf90e32f2c4f3e5994862b470e"
        },
        {
          "type": "image",
          "assetId": "CYjoIMs0NCd34A",
          "checksum": "f8e87c82820f854a98c0028ca173b3f3"
        },
        {
          "type": "image",
          "assetId": "enh_wS6KGRDTav",
          "checksum": "584a1c8d6e45f68b397c624d99cb1409"
        },
        {
          "type": "image",
          "assetId": "KP8aptqJQ3sg-_",
          "checksum": "4c8c91072774bdf00b016153d1f5a34d"
        },
        {
          "type": "image",
          "assetId": "300palszRqXTWg",
          "checksum": "35f4f3caf74ac9352aeb1502de0f7706"
        },
        {
          "type": "image",
          "assetId": "TExudtFteYOtat",
          "checksum": "56a6e4d7a822aba3b264284690e2e02f"
        },
        {
          "type": "image",
          "assetId": "-rqnrUxYTNR5_L",
          "checksum": "0b1f74fcdda65e25d4bc2f549589391e"
        },
        {
          "type": "image",
          "assetId": "FKk2Ui2C6FNeIs",
          "checksum": "f6aa0bce58bee354a3a867c4d1ac682c"
        },
        {
          "type": "image",
          "assetId": "V1znEOJz5e6dqA",
          "checksum": "f0d100102a4066ced399008833784363"
        },
        {
          "type": "image",
          "assetId": "F88eMukJdavKHr",
          "checksum": "5f5d90d3facb95d4bafb48e02142f05d"
        },
        {
          "type": "image",
          "assetId": "LkwRts2Cn3Loh9",
          "checksum": "0039ccc7c793c5def994003a346ba560"
        },
        {
          "type": "image",
          "assetId": "wT1rpFwSeX1nnB",
          "checksum": "61ee278b5a0dea5dc23b25c4fede4da5"
        },
        {
          "type": "image",
          "assetId": "084QWgtV7C00CF",
          "checksum": "0c2c4f23288cf94d07701ed2b9dc3117"
        },
        {
          "type": "image",
          "assetId": "ya8GIudmWZ1fcl",
          "checksum": "9ea396ec957dd715a3d48bb7200fa4a5"
        },
        {
          "type": "image",
          "assetId": "L1s-qNJjxzcRWg",
          "checksum": "20b4bc11ed9edd75172ca07aca6c590d"
        },
        {
          "type": "image",
          "assetId": "2i-8azXGrkYybM",
          "checksum": "6409492ac8ef39ad622ba051cf1068e6"
        },
        {
          "type": "image",
          "assetId": "UdqDUAeFr4yTn2",
          "checksum": "6330462b29aed645642a8b1dea3be8fb"
        },
        {
          "type": "image",
          "assetId": "2eGzFB4lAqYrbK",
          "checksum": "28f02440d8db1a2650a88fe9f2673925"
        },
        {
          "type": "image",
          "assetId": "dggmFZm_RD6vBv",
          "checksum": "82019853b227b37c75ac0638fe58becd"
        },
        {
          "type": "image",
          "assetId": "EPDKdAk1TajO6d",
          "checksum": "debbc4be897612b8b4628635d9cd2361"
        },
        {
          "type": "image",
          "assetId": "DCatx8DnS4wQpu",
          "checksum": "3fde2ae8f468d56a91ccda7eb94cd681"
        },
        {
          "type": "image",
          "assetId": "3ClXWRJnBgwYVP",
          "checksum": "18e64ea2992aac21d7592bf78a5223d8"
        },
        {
          "type": "image",
          "assetId": "5Tn6mNzaTAb4Kx",
          "checksum": "a29eb43845a08fa9cde02d8a213ea103"
        },
        {
          "type": "image",
          "assetId": "X3-0TRdFR7Zg6B",
          "checksum": "e87740cffbbf89b74723f61fc9dca209"
        },
        {
          "type": "image",
          "assetId": "8Pi6d8IjGq6KHX",
          "checksum": "568073930ac1113b77b5dd16026d3843"
        },
        {
          "type": "image",
          "assetId": "Mzrl-1S0J1M2kr",
          "checksum": "d1da3260025a11a8b946050728e4781b"
        },
        {
          "type": "image",
          "assetId": "nzRLslbWoMBqT5",
          "checksum": "f92e634706632edbe331dd54eab501a8"
        },
        {
          "type": "image",
          "assetId": "3OXp6KoZY21NM-",
          "checksum": "483157b478179484e13705a5d8864526"
        },
        {
          "type": "image",
          "assetId": "VKQfokNPLpArnv",
          "checksum": "c3cf78c73815232f9156ce06ac0ca2c5"
        },
        {
          "type": "image",
          "assetId": "cSjm4HeYmBgcDm",
          "checksum": "777322db8f076e4e0dabdeb605554775"
        },
        {
          "type": "image",
          "assetId": "P3_ulQGebuffeU",
          "checksum": "4f5dfa49b8ed5bde2abce5a0a5a8af9d"
        },
        {
          "type": "image",
          "assetId": "_xJcSx87mBo9Z4",
          "checksum": "3a9cabb73690edcbd31aae6e7a250d04"
        },
        {
          "type": "image",
          "assetId": "fQ_w6_n0NQEChk",
          "checksum": "45e950b20dc730ee953429b4aa4a0f11"
        },
        {
          "type": "image",
          "assetId": "gg06jLnyDO3KYw",
          "checksum": "8ac2001d06f43853e3a3ca2d813a6c50"
        },
        {
          "type": "image",
          "assetId": "C10WpetYi0oT8G",
          "checksum": "d2420fe7a6f859e0be27379469999cec"
        },
        {
          "type": "image",
          "assetId": "NFZ2tPi71q4qhP",
          "checksum": "e1be73c2c018aca38b86a9cb7c81eddb"
        },
        {
          "type": "image",
          "assetId": "LwPhWyrjhTkbtF",
          "checksum": "966a04ad5e39c18b7396a071470d6354"
        },
        {
          "type": "image",
          "assetId": "FCP8HFdh6Y7bVy",
          "checksum": "a73bb6747e05b51bfac226c5e7397c1b"
        },
        {
          "type": "image",
          "assetId": "fCbQxFB3m",
          "checksum": "0f7c36df4b49cd3dd6b5fdf8e3afc96d"
        },
        {
          "type": "image",
          "assetId": "XfOr6bZIO",
          "checksum": "a3e01ceb525d587aee5f712150bfb0cb"
        },
        {
          "type": "image",
          "assetId": "kyyL7QQ9S",
          "checksum": "3932c42e77f09ad8a91afa2daedd7a46"
        },
        {
          "type": "image",
          "assetId": "DWDEEtaHp",
          "checksum": "dbd047ed0f46a9865f0759e502cd916d"
        },
        {
          "type": "image",
          "assetId": "LkHgVbSfo",
          "checksum": "d5c5f17a196c1409a89420b4c31d62b1"
        },
        {
          "type": "image",
          "assetId": "h31ov-a0VNc",
          "checksum": "8b82f90c9229ecd0984671b3830c44af"
        }
      ],
      "codegenVersion": "0.0.1"
    }
  ],
  "cliVersion": "0.1.184"
}
